lockfileVersion: '9.0'

settings:
  autoInstallPeers: true
  excludeLinksFromLockfile: false

importers:

  .: {}

  packages/monorepo-sandbox-release-x: {}

  packages/monorepo-sandbox-release-y:
    dependencies:
      '@azu/monorepo-sandbox-release-x':
        specifier: workspace:*
        version: link:../monorepo-sandbox-release-x

  packages/monorepo-sandbox-release-z:
    dependencies:
      '@azu/monorepo-sandbox-release-y':
        specifier: workspace:*
        version: link:../monorepo-sandbox-release-y
